<Solution>
  <Folder Name="/Domain/">
    <Project Path="MicroRabbit.Domain.Core/MicroRabbit.Domain.Core.csproj" />
  </Folder>
  <Folder Name="/Infra.Bus/">
    <Project Path="MicroRabbit.Infra.Bus/MicroRabbit.Infra.Bus.csproj" />
  </Folder>
  <Folder Name="/Infra.IoC/">
    <Project Path="MicroRabbit.Infra.IoC/MicroRabbit.Infra.IoC.csproj" />
  </Folder>
  <Folder Name="/Microservices/" />
  <Folder Name="/Microservices/Banking/" />
  <Folder Name="/Microservices/Banking/Api/">
    <Project Path="MicroRabbit.Banking.Api/MicroRabbit.Banking.Api.csproj" />
  </Folder>
  <Folder Name="/Microservices/Banking/Application/">
    <Project Path="MicroRabbit.Banking.Application/MicroRabbit.Banking.Application.csproj" />
  </Folder>
  <Folder Name="/Microservices/Banking/Data/">
    <Project Path="MicroRabbit.Banking.Data/MicroRabbit.Banking.Data.csproj" />
  </Folder>
  <Folder Name="/Microservices/Banking/Domain/">
    <Project Path="MicroRabbit.Banking.Domain/MicroRabbit.Banking.Domain.csproj" />
  </Folder>
  <Folder Name="/Presentation/" />
</Solution>
