<Solution>
  <Folder Name="/Domain/">
    <Project Path="MicroRabbit.Domain.Core/MicroRabbit.Domain.Core.csproj" />
  </Folder>
  <Folder Name="/Infra.Bus/">
    <Project Path="MicroRabbit.Infra.Bus/MicroRabbit.Infra.Bus.csproj" />
  </Folder>
  <Folder Name="/Infra.IoC/" />
  <Folder Name="/Microservices/" />
  <Folder Name="/Presentation/" />
</Solution>
